PODS:
  - AudioKit (4.9.3):
    - AudioKit/Core (= 4.9.3)
    - AudioKit/UI (= 4.9.3)
  - AudioKit/Core (4.9.3)
  - AudioKit/UI (4.9.3):
    - AudioKit/Core

DEPENDENCIES:
  - AudioKit (~> 4.0)

SPEC REPOS:
  trunk:
    - AudioKit

SPEC CHECKSUMS:
  AudioKit: d025ecbb68f567bba15dab7ea80b8991155729f9

PODFILE CHECKSUM: 0c5bc29d17174e763a878a574d514220c8f5ac11

COCOAPODS: 1.8.4
